
Microsoft Visual Studio Solution File, Format Version 12.00
# Visual Studio Version 17
VisualStudioVersion = 17.3.32825.248
MinimumVisualStudioVersion = 10.0.40219.1
Project("{FAE04EC0-301F-11D3-BF4B-00C04F79EFBC}") = "labka", "labka\labka.csproj", "{AB0CAE77-416E-4EC1-B117-CAEC10360051}"
EndProject
Global
	GlobalSection(SolutionConfigurationPlatforms) = preSolution
		Debug|Any CPU = Debug|Any CPU
		Release|Any CPU = Release|Any CPU
	EndGlobalSection
	GlobalSection(ProjectConfigurationPlatforms) = postSolution
		{AB0CAE77-416E-4EC1-B117-CAEC10360051}.Debug|Any CPU.ActiveCfg = Debug|Any CPU
		{AB0CAE77-416E-4EC1-B117-CAEC10360051}.Debug|Any CPU.Build.0 = Debug|Any CPU
		{AB0CAE77-416E-4EC1-B117-CAEC10360051}.Release|Any CPU.ActiveCfg = Release|Any CPU
		{AB0CAE77-416E-4EC1-B117-CAEC10360051}.Release|Any CPU.Build.0 = Release|Any CPU
	EndGlobalSection
	GlobalSection(SolutionProperties) = preSolution
		HideSolutionNode = FALSE
	EndGlobalSection
	GlobalSection(ExtensibilityGlobals) = postSolution
		SolutionGuid = {D2213F44-5499-4225-8088-A12F7305EB98}
	EndGlobalSection
EndGlobal
